// !$*UTF8*$!
{
	archiveVersion = 1;
	classes = {
	};
	objectVersion = 56;
	objects = {

/* Begin PBXBuildFile section */
		D7AF596B2988189E0003692C /* AppDelegate.swift in Sources */ = {isa = PBXBuildFile; fileRef = D7AF596A2988189E0003692C /* AppDelegate.swift */; };
		D7AF596D2988189E0003692C /* SceneDelegate.swift in Sources */ = {isa = PBXBuildFile; fileRef = D7AF596C2988189E0003692C /* SceneDelegate.swift */; };
		D7AF596F2988189E0003692C /* ViewController.swift in Sources */ = {isa = PBXBuildFile; fileRef = D7AF596E2988189E0003692C /* ViewController.swift */; };
		D7AF59722988189E0003692C /* Main.storyboard in Resources */ = {isa = PBXBuildFile; fileRef = D7AF59702988189E0003692C /* Main.storyboard */; };
		D7AF5974298818A00003692C /* Assets.xcassets in Resources */ = {isa = PBXBuildFile; fileRef = D7AF5973298818A00003692C /* Assets.xcassets */; };
		D7AF5977298818A00003692C /* LaunchScreen.storyboard in Resources */ = {isa = PBXBuildFile; fileRef = D7AF5975298818A00003692C /* LaunchScreen.storyboard */; };
		D7AF5982298818A10003692C /* MathTestTests.swift in Sources */ = {isa = PBXBuildFile; fileRef = D7AF5981298818A10003692C /* MathTestTests.swift */; };
		D7AF598C298818A10003692C /* MathTestUITests.swift in Sources */ = {isa = PBXBuildFile; fileRef = D7AF598B298818A10003692C /* MathTestUITests.swift */; };
		D7AF598E298818A10003692C /* MathTestUITestsLaunchTests.swift in Sources */ = {isa = PBXBuildFile; fileRef = D7AF598D298818A10003692C /* MathTestUITestsLaunchTests.swift */; };
/* End PBXBuildFile section */

/* Begin PBXContainerItemProxy section */
		D7AF597E298818A10003692C /* PBXContainerItemProxy */ = {
			isa = PBXContainerItemProxy;
			containerPortal = D7AF595F2988189E0003692C /* Project object */;
			proxyType = 1;
			remoteGlobalIDString = D7AF59662988189E0003692C;
			remoteInfo = MathTest;
		};
		D7AF5988298818A10003692C /* PBXContainerItemProxy */ = {
			isa = PBXContainerItemProxy;
			containerPortal = D7AF595F2988189E0003692C /* Project object */;
			proxyType = 1;
			remoteGlobalIDString = D7AF59662988189E0003692C;
			remoteInfo = MathTest;
		};
/* End PBXContainerItemProxy section */

/* Begin PBXFileReference section */
		D7AF59672988189E0003692C /* MathTest.app */ = {isa = PBXFileReference; explicitFileType = wrapper.application; includeInIndex = 0; path = MathTest.app; sourceTree = BUILT_PRODUCTS_DIR; };
		D7AF596A2988189E0003692C /* AppDelegate.swift */ = {isa = PBXFileReference; lastKnownFileType = sourcecode.swift; path = AppDelegate.swift; sourceTree = "<group>"; };
		D7AF596C2988189E0003692C /* SceneDelegate.swift */ = {isa = PBXFileReference; lastKnownFileType = sourcecode.swift; path = SceneDelegate.swift; sourceTree = "<group>"; };
		D7AF596E2988189E0003692C /* ViewController.swift */ = {isa = PBXFileReference; lastKnownFileType = sourcecode.swift; path = ViewController.swift; sourceTree = "<group>"; };
		D7AF59712988189E0003692C /* Base */ = {isa = PBXFileReference; lastKnownFileType = file.storyboard; name = Base; path = Base.lproj/Main.storyboard; sourceTree = "<group>"; };
		D7AF5973298818A00003692C /* Assets.xcassets */ = {isa = PBXFileReference; lastKnownFileType = folder.assetcatalog; path = Assets.xcassets; sourceTree = "<group>"; };
		D7AF5976298818A00003692C /* Base */ = {isa = PBXFileReference; lastKnownFileType = file.storyboard; name = Base; path = Base.lproj/LaunchScreen.storyboard; sourceTree = "<group>"; };
		D7AF5978298818A00003692C /* Info.plist */ = {isa = PBXFileReference; lastKnownFileType = text.plist.xml; path = Info.plist; sourceTree = "<group>"; };
		D7AF597D298818A10003692C /* MathTestTests.xctest */ = {isa = PBXFileReference; explicitFileType = wrapper.cfbundle; includeInIndex = 0; path = MathTestTests.xctest; sourceTree = BUILT_PRODUCTS_DIR; };
		D7AF5981298818A10003692C /* MathTestTests.swift */ = {isa = PBXFileReference; lastKnownFileType = sourcecode.swift; path = MathTestTests.swift; sourceTree = "<group>"; };
		D7AF5987298818A10003692C /* MathTestUITests.xctest */ = {isa = PBXFileReference; explicitFileType = wrapper.cfbundle; includeInIndex = 0; path = MathTestUITests.xctest; sourceTree = BUILT_PRODUCTS_DIR; };
		D7AF598B298818A10003692C /* MathTestUITests.swift */ = {isa = PBXFileReference; lastKnownFileType = sourcecode.swift; path = MathTestUITests.swift; sourceTree = "<group>"; };
		D7AF598D298818A10003692C /* MathTestUITestsLaunchTests.swift */ = {isa = PBXFileReference; lastKnownFileType = sourcecode.swift; path = MathTestUITestsLaunchTests.swift; sourceTree = "<group>"; };
/* End PBXFileReference section */

/* Begin PBXFrameworksBuildPhase section */
		D7AF59642988189E0003692C /* Frameworks */ = {
			isa = PBXFrameworksBuildPhase;
			buildActionMask = 2147483647;
			files = (
			);
			runOnlyForDeploymentPostprocessing = 0;
		};
		D7AF597A298818A10003692C /* Frameworks */ = {
			isa = PBXFrameworksBuildPhase;
			buildActionMask = 2147483647;
			files = (
			);
			runOnlyForDeploymentPostprocessing = 0;
		};
		D7AF5984298818A10003692C /* Frameworks */ = {
			isa = PBXFrameworksBuildPhase;
			buildActionMask = 2147483647;
			files = (
			);
			runOnlyForDeploymentPostprocessing = 0;
		};
/* End PBXFrameworksBuildPhase section */

/* Begin PBXGroup section */
		D7AF595E2988189E0003692C = {
			isa = PBXGroup;
			children = (
				D7AF59692988189E0003692C /* MathTest */,
				D7AF5980298818A10003692C /* MathTestTests */,
				D7AF598A298818A10003692C /* MathTestUITests */,
				D7AF59682988189E0003692C /* Products */,
			);
			sourceTree = "<group>";
		};
		D7AF59682988189E0003692C /* Products */ = {
			isa = PBXGroup;
			children = (
				D7AF59672988189E0003692C /* MathTest.app */,
				D7AF597D298818A10003692C /* MathTestTests.xctest */,
				D7AF5987298818A10003692C /* MathTestUITests.xctest */,
			);
			name = Products;
			sourceTree = "<group>";
		};
		D7AF59692988189E0003692C /* MathTest */ = {
			isa = PBXGroup;
			children = (
				D7AF596A2988189E0003692C /* AppDelegate.swift */,
				D7AF596C2988189E0003692C /* SceneDelegate.swift */,
				D7AF596E2988189E0003692C /* ViewController.swift */,
				D7AF59702988189E0003692C /* Main.storyboard */,
				D7AF5973298818A00003692C /* Assets.xcassets */,
				D7AF5975298818A00003692C /* LaunchScreen.storyboard */,
				D7AF5978298818A00003692C /* Info.plist */,
			);
			path = MathTest;
			sourceTree = "<group>";
		};
		D7AF5980298818A10003692C /* MathTestTests */ = {
			isa = PBXGroup;
			children = (
				D7AF5981298818A10003692C /* MathTestTests.swift */,
			);
			path = MathTestTests;
			sourceTree = "<group>";
		};
		D7AF598A298818A10003692C /* MathTestUITests */ = {
			isa = PBXGroup;
			children = (
				D7AF598B298818A10003692C /* MathTestUITests.swift */,
				D7AF598D298818A10003692C /* MathTestUITestsLaunchTests.swift */,
			);
			path = MathTestUITests;
			sourceTree = "<group>";
		};
/* End PBXGroup section */

/* Begin PBXNativeTarget section */
		D7AF59662988189E0003692C /* MathTest */ = {
			isa = PBXNativeTarget;
			buildConfigurationList = D7AF5991298818A10003692C /* Build configuration list for PBXNativeTarget "MathTest" */;
			buildPhases = (
				D7AF59632988189E0003692C /* Sources */,
				D7AF59642988189E0003692C /* Frameworks */,
				D7AF59652988189E0003692C /* Resources */,
			);
			buildRules = (
			);
			dependencies = (
			);
			name = MathTest;
			productName = MathTest;
			productReference = D7AF59672988189E0003692C /* MathTest.app */;
			productType = "com.apple.product-type.application";
		};
		D7AF597C298818A10003692C /* MathTestTests */ = {
			isa = PBXNativeTarget;
			buildConfigurationList = D7AF5994298818A10003692C /* Build configuration list for PBXNativeTarget "MathTestTests" */;
			buildPhases = (
				D7AF5979298818A10003692C /* Sources */,
				D7AF597A298818A10003692C /* Frameworks */,
				D7AF597B298818A10003692C /* Resources */,
			);
			buildRules = (
			);
			dependencies = (
				D7AF597F298818A10003692C /* PBXTargetDependency */,
			);
			name = MathTestTests;
			productName = MathTestTests;
			productReference = D7AF597D298818A10003692C /* MathTestTests.xctest */;
			productType = "com.apple.product-type.bundle.unit-test";
		};
		D7AF5986298818A10003692C /* MathTestUITests */ = {
			isa = PBXNativeTarget;
			buildConfigurationList = D7AF5997298818A10003692C /* Build configuration list for PBXNativeTarget "MathTestUITests" */;
			buildPhases = (
				D7AF5983298818A10003692C /* Sources */,
				D7AF5984298818A10003692C /* Frameworks */,
				D7AF5985298818A10003692C /* Resources */,
			);
			buildRules = (
			);
			dependencies = (
				D7AF5989298818A10003692C /* PBXTargetDependency */,
			);
			name = MathTestUITests;
			productName = MathTestUITests;
			productReference = D7AF5987298818A10003692C /* MathTestUITests.xctest */;
			productType = "com.apple.product-type.bundle.ui-testing";
		};
/* End PBXNativeTarget section */

/* Begin PBXProject section */
		D7AF595F2988189E0003692C /* Project object */ = {
			isa = PBXProject;
			attributes = {
				BuildIndependentTargetsInParallel = 1;
				LastSwiftUpdateCheck = 1420;
				LastUpgradeCheck = 1420;
				TargetAttributes = {
					D7AF59662988189E0003692C = {
						CreatedOnToolsVersion = 14.2;
					};
					D7AF597C298818A10003692C = {
						CreatedOnToolsVersion = 14.2;
						TestTargetID = D7AF59662988189E0003692C;
					};
					D7AF5986298818A10003692C = {
						CreatedOnToolsVersion = 14.2;
						TestTargetID = D7AF59662988189E0003692C;
					};
				};
			};
			buildConfigurationList = D7AF59622988189E0003692C /* Build configuration list for PBXProject "MathTest" */;
			compatibilityVersion = "Xcode 14.0";
			developmentRegion = en;
			hasScannedForEncodings = 0;
			knownRegions = (
				en,
				Base,
			);
			mainGroup = D7AF595E2988189E0003692C;
			productRefGroup = D7AF59682988189E0003692C /* Products */;
			projectDirPath = "";
			projectRoot = "";
			targets = (
				D7AF59662988189E0003692C /* MathTest */,
				D7AF597C298818A10003692C /* MathTestTests */,
				D7AF5986298818A10003692C /* MathTestUITests */,
			);
		};
/* End PBXProject section */

/* Begin PBXResourcesBuildPhase section */
		D7AF59652988189E0003692C /* Resources */ = {
			isa = PBXResourcesBuildPhase;
			buildActionMask = 2147483647;
			files = (
				D7AF5977298818A00003692C /* LaunchScreen.storyboard in Resources */,
				D7AF5974298818A00003692C /* Assets.xcassets in Resources */,
				D7AF59722988189E0003692C /* Main.storyboard in Resources */,
			);
			runOnlyForDeploymentPostprocessing = 0;
		};
		D7AF597B298818A10003692C /* Resources */ = {
			isa = PBXResourcesBuildPhase;
			buildActionMask = 2147483647;
			files = (
			);
			runOnlyForDeploymentPostprocessing = 0;
		};
		D7AF5985298818A10003692C /* Resources */ = {
			isa = PBXResourcesBuildPhase;
			buildActionMask = 2147483647;
			files = (
			);
			runOnlyForDeploymentPostprocessing = 0;
		};
/* End PBXResourcesBuildPhase section */

/* Begin PBXSourcesBuildPhase section */
		D7AF59632988189E0003692C /* Sources */ = {
			isa = PBXSourcesBuildPhase;
			buildActionMask = 2147483647;
			files = (
				D7AF596F2988189E0003692C /* ViewController.swift in Sources */,
				D7AF596B2988189E0003692C /* AppDelegate.swift in Sources */,
				D7AF596D2988189E0003692C /* SceneDelegate.swift in Sources */,
			);
			runOnlyForDeploymentPostprocessing = 0;
		};
		D7AF5979298818A10003692C /* Sources */ = {
			isa = PBXSourcesBuildPhase;
			buildActionMask = 2147483647;
			files = (
				D7AF5982298818A10003692C /* MathTestTests.swift in Sources */,
			);
			runOnlyForDeploymentPostprocessing = 0;
		};
		D7AF5983298818A10003692C /* Sources */ = {
			isa = PBXSourcesBuildPhase;
			buildActionMask = 2147483647;
			files = (
				D7AF598E298818A10003692C /* MathTestUITestsLaunchTests.swift in Sources */,
				D7AF598C298818A10003692C /* MathTestUITests.swift in Sources */,
			);
			runOnlyForDeploymentPostprocessing = 0;
		};
/* End PBXSourcesBuildPhase section */

/* Begin PBXTargetDependency section */
		D7AF597F298818A10003692C /* PBXTargetDependency */ = {
			isa = PBXTargetDependency;
			target = D7AF59662988189E0003692C /* MathTest */;
			targetProxy = D7AF597E298818A10003692C /* PBXContainerItemProxy */;
		};
		D7AF5989298818A10003692C /* PBXTargetDependency */ = {
			isa = PBXTargetDependency;
			target = D7AF59662988189E0003692C /* MathTest */;
			targetProxy = D7AF5988298818A10003692C /* PBXContainerItemProxy */;
		};
/* End PBXTargetDependency section */

/* Begin PBXVariantGroup section */
		D7AF59702988189E0003692C /* Main.storyboard */ = {
			isa = PBXVariantGroup;
			children = (
				D7AF59712988189E0003692C /* Base */,
			);
			name = Main.storyboard;
			sourceTree = "<group>";
		};
		D7AF5975298818A00003692C /* LaunchScreen.storyboard */ = {
			isa = PBXVariantGroup;
			children = (
				D7AF5976298818A00003692C /* Base */,
			);
			name = LaunchScreen.storyboard;
			sourceTree = "<group>";
		};
/* End PBXVariantGroup section */

/* Begin XCBuildConfiguration section */
		D7AF598F298818A10003692C /* Debug */ = {
			isa = XCBuildConfiguration;
			buildSettings = {
				ALWAYS_SEARCH_USER_PATHS = NO;
				CLANG_ANALYZER_NONNULL = YES;
				CLANG_ANALYZER_NUMBER_OBJECT_CONVERSION = YES_AGGRESSIVE;
				CLANG_CXX_LANGUAGE_STANDARD = "gnu++20";
				CLANG_ENABLE_MODULES = YES;
				CLANG_ENABLE_OBJC_ARC = YES;
				CLANG_ENABLE_OBJC_WEAK = YES;
				CLANG_WARN_BLOCK_CAPTURE_AUTORELEASING = YES;
				CLANG_WARN_BOOL_CONVERSION = YES;
				CLANG_WARN_COMMA = YES;
				CLANG_WARN_CONSTANT_CONVERSION = YES;
				CLANG_WARN_DEPRECATED_OBJC_IMPLEMENTATIONS = YES;
				CLANG_WARN_DIRECT_OBJC_ISA_USAGE = YES_ERROR;
				CLANG_WARN_DOCUMENTATION_COMMENTS = YES;
				CLANG_WARN_EMPTY_BODY = YES;
				CLANG_WARN_ENUM_CONVERSION = YES;
				CLANG_WARN_INFINITE_RECURSION = YES;
				CLANG_WARN_INT_CONVERSION = YES;
				CLANG_WARN_NON_LITERAL_NULL_CONVERSION = YES;
				CLANG_WARN_OBJC_IMPLICIT_RETAIN_SELF = YES;
				CLANG_WARN_OBJC_LITERAL_CONVERSION = YES;
				CLANG_WARN_OBJC_ROOT_CLASS = YES_ERROR;
				CLANG_WARN_QUOTED_INCLUDE_IN_FRAMEWORK_HEADER = YES;
				CLANG_WARN_RANGE_LOOP_ANALYSIS = YES;
				CLANG_WARN_STRICT_PROTOTYPES = YES;
				CLANG_WARN_SUSPICIOUS_MOVE = YES;
				CLANG_WARN_UNGUARDED_AVAILABILITY = YES_AGGRESSIVE;
				CLANG_WARN_UNREACHABLE_CODE = YES;
				CLANG_WARN__DUPLICATE_METHOD_MATCH = YES;
				COPY_PHASE_STRIP = NO;
				DEBUG_INFORMATION_FORMAT = dwarf;
				ENABLE_STRICT_OBJC_MSGSEND = YES;
				ENABLE_TESTABILITY = YES;
				GCC_C_LANGUAGE_STANDARD = gnu11;
				GCC_DYNAMIC_NO_PIC = NO;
				GCC_NO_COMMON_BLOCKS = YES;
				GCC_OPTIMIZATION_LEVEL = 0;
				GCC_PREPROCESSOR_DEFINITIONS = (
					"DEBUG=1",
					"$(inherited)",
				);
				GCC_WARN_64_TO_32_BIT_CONVERSION = YES;
				GCC_WARN_ABOUT_RETURN_TYPE = YES_ERROR;
				GCC_WARN_UNDECLARED_SELECTOR = YES;
				GCC_WARN_UNINITIALIZED_AUTOS = YES_AGGRESSIVE;
				GCC_WARN_UNUSED_FUNCTION = YES;
				GCC_WARN_UNUSED_VARIABLE = YES;
				IPHONEOS_DEPLOYMENT_TARGET = 16.2;
				MTL_ENABLE_DEBUG_INFO = INCLUDE_SOURCE;
				MTL_FAST_MATH = YES;
				ONLY_ACTIVE_ARCH = YES;
				SDKROOT = iphoneos;
				SWIFT_ACTIVE_COMPILATION_CONDITIONS = DEBUG;
				SWIFT_OPTIMIZATION_LEVEL = "-Onone";
			};
			name = Debug;
		};
		D7AF5990298818A10003692C /* Release */ = {
			isa = XCBuildConfiguration;
			buildSettings = {
				ALWAYS_SEARCH_USER_PATHS = NO;
				CLANG_ANALYZER_NONNULL = YES;
				CLANG_ANALYZER_NUMBER_OBJECT_CONVERSION = YES_AGGRESSIVE;
				CLANG_CXX_LANGUAGE_STANDARD = "gnu++20";
				CLANG_ENABLE_MODULES = YES;
				CLANG_ENABLE_OBJC_ARC = YES;
				CLANG_ENABLE_OBJC_WEAK = YES;
				CLANG_WARN_BLOCK_CAPTURE_AUTORELEASING = YES;
				CLANG_WARN_BOOL_CONVERSION = YES;
				CLANG_WARN_COMMA = YES;
				CLANG_WARN_CONSTANT_CONVERSION = YES;
				CLANG_WARN_DEPRECATED_OBJC_IMPLEMENTATIONS = YES;
				CLANG_WARN_DIRECT_OBJC_ISA_USAGE = YES_ERROR;
				CLANG_WARN_DOCUMENTATION_COMMENTS = YES;
				CLANG_WARN_EMPTY_BODY = YES;
				CLANG_WARN_ENUM_CONVERSION = YES;
				CLANG_WARN_INFINITE_RECURSION = YES;
				CLANG_WARN_INT_CONVERSION = YES;
				CLANG_WARN_NON_LITERAL_NULL_CONVERSION = YES;
				CLANG_WARN_OBJC_IMPLICIT_RETAIN_SELF = YES;
				CLANG_WARN_OBJC_LITERAL_CONVERSION = YES;
				CLANG_WARN_OBJC_ROOT_CLASS = YES_ERROR;
				CLANG_WARN_QUOTED_INCLUDE_IN_FRAMEWORK_HEADER = YES;
				CLANG_WARN_RANGE_LOOP_ANALYSIS = YES;
				CLANG_WARN_STRICT_PROTOTYPES = YES;
				CLANG_WARN_SUSPICIOUS_MOVE = YES;
				CLANG_WARN_UNGUARDED_AVAILABILITY = YES_AGGRESSIVE;
				CLANG_WARN_UNREACHABLE_CODE = YES;
				CLANG_WARN__DUPLICATE_METHOD_MATCH = YES;
				COPY_PHASE_STRIP = NO;
				DEBUG_INFORMATION_FORMAT = "dwarf-with-dsym";
				ENABLE_NS_ASSERTIONS = NO;
				ENABLE_STRICT_OBJC_MSGSEND = YES;
				GCC_C_LANGUAGE_STANDARD = gnu11;
				GCC_NO_COMMON_BLOCKS = YES;
				GCC_WARN_64_TO_32_BIT_CONVERSION = YES;
				GCC_WARN_ABOUT_RETURN_TYPE = YES_ERROR;
				GCC_WARN_UNDECLARED_SELECTOR = YES;
				GCC_WARN_UNINITIALIZED_AUTOS = YES_AGGRESSIVE;
				GCC_WARN_UNUSED_FUNCTION = YES;
				GCC_WARN_UNUSED_VARIABLE = YES;
				IPHONEOS_DEPLOYMENT_TARGET = 16.2;
				MTL_ENABLE_DEBUG_INFO = NO;
				MTL_FAST_MATH = YES;
				SDKROOT = iphoneos;
				SWIFT_COMPILATION_MODE = wholemodule;
				SWIFT_OPTIMIZATION_LEVEL = "-O";
				VALIDATE_PRODUCT = YES;
			};
			name = Release;
		};
		D7AF5992298818A10003692C /* Debug */ = {
			isa = XCBuildConfiguration;
			buildSettings = {
				ASSETCATALOG_COMPILER_APPICON_NAME = AppIcon;
				ASSETCATALOG_COMPILER_GLOBAL_ACCENT_COLOR_NAME = AccentColor;
				CODE_SIGN_STYLE = Automatic;
				CURRENT_PROJECT_VERSION = 1;
				GENERATE_INFOPLIST_FILE = YES;
				INFOPLIST_FILE = MathTest/Info.plist;
				INFOPLIST_KEY_UIApplicationSupportsIndirectInputEvents = YES;
				INFOPLIST_KEY_UILaunchStoryboardName = LaunchScreen;
				INFOPLIST_KEY_UIMainStoryboardFile = Main;
				INFOPLIST_KEY_UISupportedInterfaceOrientations_iPad = "UIInterfaceOrientationPortrait UIInterfaceOrientationPortraitUpsideDown UIInterfaceOrientationLandscapeLeft UIInterfaceOrientationLandscapeRight";
				INFOPLIST_KEY_UISupportedInterfaceOrientations_iPhone = "UIInterfaceOrientationPortrait UIInterfaceOrientationLandscapeLeft UIInterfaceOrientationLandscapeRight";
				LD_RUNPATH_SEARCH_PATHS = (
					"$(inherited)",
					"@executable_path/Frameworks",
				);
				MARKETING_VERSION = 1.0;
				PRODUCT_BUNDLE_IDENTIFIER = lessons.MathTest;
				PRODUCT_NAME = "$(TARGET_NAME)";
				SWIFT_EMIT_LOC_STRINGS = YES;
				SWIFT_VERSION = 5.0;
				TARGETED_DEVICE_FAMILY = "1,2";
			};
			name = Debug;
		};
		D7AF5993298818A10003692C /* Release */ = {
			isa = XCBuildConfiguration;
			buildSettings = {
				ASSETCATALOG_COMPILER_APPICON_NAME = AppIcon;
				ASSETCATALOG_COMPILER_GLOBAL_ACCENT_COLOR_NAME = AccentColor;
				CODE_SIGN_STYLE = Automatic;
				CURRENT_PROJECT_VERSION = 1;
				GENERATE_INFOPLIST_FILE = YES;
				INFOPLIST_FILE = MathTest/Info.plist;
				INFOPLIST_KEY_UIApplicationSupportsIndirectInputEvents = YES;
				INFOPLIST_KEY_UILaunchStoryboardName = LaunchScreen;
				INFOPLIST_KEY_UIMainStoryboardFile = Main;
				INFOPLIST_KEY_UISupportedInterfaceOrientations_iPad = "UIInterfaceOrientationPortrait UIInterfaceOrientationPortraitUpsideDown UIInterfaceOrientationLandscapeLeft UIInterfaceOrientationLandscapeRight";
				INFOPLIST_KEY_UISupportedInterfaceOrientations_iPhone = "UIInterfaceOrientationPortrait UIInterfaceOrientationLandscapeLeft UIInterfaceOrientationLandscapeRight";
				LD_RUNPATH_SEARCH_PATHS = (
					"$(inherited)",
					"@executable_path/Frameworks",
				);
				MARKETING_VERSION = 1.0;
				PRODUCT_BUNDLE_IDENTIFIER = lessons.MathTest;
				PRODUCT_NAME = "$(TARGET_NAME)";
				SWIFT_EMIT_LOC_STRINGS = YES;
				SWIFT_VERSION = 5.0;
				TARGETED_DEVICE_FAMILY = "1,2";
			};
			name = Release;
		};
		D7AF5995298818A10003692C /* Debug */ = {
			isa = XCBuildConfiguration;
			buildSettings = {
				ALWAYS_EMBED_SWIFT_STANDARD_LIBRARIES = YES;
				BUNDLE_LOADER = "$(TEST_HOST)";
				CODE_SIGN_STYLE = Automatic;
				CURRENT_PROJECT_VERSION = 1;
				GENERATE_INFOPLIST_FILE = YES;
				IPHONEOS_DEPLOYMENT_TARGET = 16.2;
				MARKETING_VERSION = 1.0;
				PRODUCT_BUNDLE_IDENTIFIER = lessons.MathTestTests;
				PRODUCT_NAME = "$(TARGET_NAME)";
				SWIFT_EMIT_LOC_STRINGS = NO;
				SWIFT_VERSION = 5.0;
				TARGETED_DEVICE_FAMILY = "1,2";
				TEST_HOST = "$(BUILT_PRODUCTS_DIR)/MathTest.app/$(BUNDLE_EXECUTABLE_FOLDER_PATH)/MathTest";
			};
			name = Debug;
		};
		D7AF5996298818A10003692C /* Release */ = {
			isa = XCBuildConfiguration;
			buildSettings = {
				ALWAYS_EMBED_SWIFT_STANDARD_LIBRARIES = YES;
				BUNDLE_LOADER = "$(TEST_HOST)";
				CODE_SIGN_STYLE = Automatic;
				CURRENT_PROJECT_VERSION = 1;
				GENERATE_INFOPLIST_FILE = YES;
				IPHONEOS_DEPLOYMENT_TARGET = 16.2;
				MARKETING_VERSION = 1.0;
				PRODUCT_BUNDLE_IDENTIFIER = lessons.MathTestTests;
				PRODUCT_NAME = "$(TARGET_NAME)";
				SWIFT_EMIT_LOC_STRINGS = NO;
				SWIFT_VERSION = 5.0;
				TARGETED_DEVICE_FAMILY = "1,2";
				TEST_HOST = "$(BUILT_PRODUCTS_DIR)/MathTest.app/$(BUNDLE_EXECUTABLE_FOLDER_PATH)/MathTest";
			};
			name = Release;
		};
		D7AF5998298818A10003692C /* Debug */ = {
			isa = XCBuildConfiguration;
			buildSettings = {
				ALWAYS_EMBED_SWIFT_STANDARD_LIBRARIES = YES;
				CODE_SIGN_STYLE = Automatic;
				CURRENT_PROJECT_VERSION = 1;
				GENERATE_INFOPLIST_FILE = YES;
				MARKETING_VERSION = 1.0;
				PRODUCT_BUNDLE_IDENTIFIER = lessons.MathTestUITests;
				PRODUCT_NAME = "$(TARGET_NAME)";
				SWIFT_EMIT_LOC_STRINGS = NO;
				SWIFT_VERSION = 5.0;
				TARGETED_DEVICE_FAMILY = "1,2";
				TEST_TARGET_NAME = MathTest;
			};
			name = Debug;
		};
		D7AF5999298818A10003692C /* Release */ = {
			isa = XCBuildConfiguration;
			buildSettings = {
				ALWAYS_EMBED_SWIFT_STANDARD_LIBRARIES = YES;
				CODE_SIGN_STYLE = Automatic;
				CURRENT_PROJECT_VERSION = 1;
				GENERATE_INFOPLIST_FILE = YES;
				MARKETING_VERSION = 1.0;
				PRODUCT_BUNDLE_IDENTIFIER = lessons.MathTestUITests;
				PRODUCT_NAME = "$(TARGET_NAME)";
				SWIFT_EMIT_LOC_STRINGS = NO;
				SWIFT_VERSION = 5.0;
				TARGETED_DEVICE_FAMILY = "1,2";
				TEST_TARGET_NAME = MathTest;
			};
			name = Release;
		};
/* End XCBuildConfiguration section */

/* Begin XCConfigurationList section */
		D7AF59622988189E0003692C /* Build configuration list for PBXProject "MathTest" */ = {
			isa = XCConfigurationList;
			buildConfigurations = (
				D7AF598F298818A10003692C /* Debug */,
				D7AF5990298818A10003692C /* Release */,
			);
			defaultConfigurationIsVisible = 0;
			defaultConfigurationName = Release;
		};
		D7AF5991298818A10003692C /* Build configuration list for PBXNativeTarget "MathTest" */ = {
			isa = XCConfigurationList;
			buildConfigurations = (
				D7AF5992298818A10003692C /* Debug */,
				D7AF5993298818A10003692C /* Release */,
			);
			defaultConfigurationIsVisible = 0;
			defaultConfigurationName = Release;
		};
		D7AF5994298818A10003692C /* Build configuration list for PBXNativeTarget "MathTestTests" */ = {
			isa = XCConfigurationList;
			buildConfigurations = (
				D7AF5995298818A10003692C /* Debug */,
				D7AF5996298818A10003692C /* Release */,
			);
			defaultConfigurationIsVisible = 0;
			defaultConfigurationName = Release;
		};
		D7AF5997298818A10003692C /* Build configuration list for PBXNativeTarget "MathTestUITests" */ = {
			isa = XCConfigurationList;
			buildConfigurations = (
				D7AF5998298818A10003692C /* Debug */,
				D7AF5999298818A10003692C /* Release */,
			);
			defaultConfigurationIsVisible = 0;
			defaultConfigurationName = Release;
		};
/* End XCConfigurationList section */
	};
	rootObject = D7AF595F2988189E0003692C /* Project object */;
}
